
Microsoft Visual Studio Solution File, Format Version 12.00
# Visual Studio Version 17
VisualStudioVersion = 17.7.34031.279
MinimumVisualStudioVersion = 10.0.40219.1
Project("{FAE04EC0-301F-11D3-BF4B-00C04F79EFBC}") = "DeploytoAKS", "DeploytoAKS.csproj", "{46B02EC5-995C-4D5C-A465-E6ECF45C593B}"
EndProject
Global
	GlobalSection(SolutionConfigurationPlatforms) = preSolution
		Debug|Any CPU = Debug|Any CPU
		Release|Any CPU = Release|Any CPU
	EndGlobalSection
	GlobalSection(ProjectConfigurationPlatforms) = postSolution
		{46B02EC5-995C-4D5C-A465-E6ECF45C593B}.Debug|Any CPU.ActiveCfg = Debug|Any CPU
		{46B02EC5-995C-4D5C-A465-E6ECF45C593B}.Debug|Any CPU.Build.0 = Debug|Any CPU
		{46B02EC5-995C-4D5C-A465-E6ECF45C593B}.Release|Any CPU.ActiveCfg = Release|Any CPU
		{46B02EC5-995C-4D5C-A465-E6ECF45C593B}.Release|Any CPU.Build.0 = Release|Any CPU
	EndGlobalSection
	GlobalSection(SolutionProperties) = preSolution
		HideSolutionNode = FALSE
	EndGlobalSection
	GlobalSection(ExtensibilityGlobals) = postSolution
		SolutionGuid = {ACBA22A0-389F-46B3-957B-564DEEB43C4A}
	EndGlobalSection
EndGlobal
